// !$*UTF8*$!
{
	archiveVersion = 1;
	classes = {
	};
	objectVersion = 56;
	objects = {

/* Begin PBXBuildFile section */
		2016FF792A76AB1600B6BA6D /* DEFontStyle.swift in Sources */ = {isa = PBXBuildFile; fileRef = 2016FF782A76AB1600B6BA6D /* DEFontStyle.swift */; };
		2049DF532A6F0F7000966DDA /* CreatureDetailView.swift in Sources */ = {isa = PBXBuildFile; fileRef = 2049DF522A6F0F7000966DDA /* CreatureDetailView.swift */; };
		20A9A5D92A6FA82E008513D7 /* DETextField.swift in Sources */ = {isa = PBXBuildFile; fileRef = 20A9A5D82A6FA82E008513D7 /* DETextField.swift */; };
		20A9A5DB2A6FC3A5008513D7 /* NameEditingView.swift in Sources */ = {isa = PBXBuildFile; fileRef = 20A9A5DA2A6FC3A5008513D7 /* NameEditingView.swift */; };
		7E6A4FBE2A716E460085F236 /* DreamEgg.xcdatamodeld in Sources */ = {isa = PBXBuildFile; fileRef = 7E6A4FBC2A716E460085F236 /* DreamEgg.xcdatamodeld */; };
		7EA7EBF42A6FC29E00C518FF /* View+ActivateConfetti.swift in Sources */ = {isa = PBXBuildFile; fileRef = 7EA7EBF32A6FC29E00C518FF /* View+ActivateConfetti.swift */; };
		7EE701A62A6E4C2200DEEFA6 /* Assets.xcassets in Resources */ = {isa = PBXBuildFile; fileRef = 7EE701A52A6E4C2200DEEFA6 /* Assets.xcassets */; };
		7EE701A92A6E4C2200DEEFA6 /* Preview Assets.xcassets in Resources */ = {isa = PBXBuildFile; fileRef = 7EE701A82A6E4C2200DEEFA6 /* Preview Assets.xcassets */; };
		7EE701B82A6E4C7000DEEFA6 /* DreamEggApp.swift in Sources */ = {isa = PBXBuildFile; fileRef = 7EE701B72A6E4C7000DEEFA6 /* DreamEggApp.swift */; };
		7EE701F92A6E4C7E00DEEFA6 /* EggDrawStore.swift in Sources */ = {isa = PBXBuildFile; fileRef = 7EE701BA2A6E4C7E00DEEFA6 /* EggDrawStore.swift */; };
		7EE701FA2A6E4C7E00DEEFA6 /* EggAnimationStore.swift in Sources */ = {isa = PBXBuildFile; fileRef = 7EE701BB2A6E4C7E00DEEFA6 /* EggAnimationStore.swift */; };
		7EE701FB2A6E4C7E00DEEFA6 /* CoreDataRepresentable.swift in Sources */ = {isa = PBXBuildFile; fileRef = 7EE701BD2A6E4C7E00DEEFA6 /* CoreDataRepresentable.swift */; };
		7EE701FC2A6E4C7E00DEEFA6 /* LocalNotificationStore.swift in Sources */ = {isa = PBXBuildFile; fileRef = 7EE701BE2A6E4C7E00DEEFA6 /* LocalNotificationStore.swift */; };
		7EE701FD2A6E4C7E00DEEFA6 /* DailySleepTimeStore.swift in Sources */ = {isa = PBXBuildFile; fileRef = 7EE701BF2A6E4C7E00DEEFA6 /* DailySleepTimeStore.swift */; };
		7EE701FF2A6E4C7E00DEEFA6 /* UserSleepConfigStore.swift in Sources */ = {isa = PBXBuildFile; fileRef = 7EE701C12A6E4C7E00DEEFA6 /* UserSleepConfigStore.swift */; };
		7EE702002A6E4C7E00DEEFA6 /* MapViewStore.swift in Sources */ = {isa = PBXBuildFile; fileRef = 7EE701C22A6E4C7E00DEEFA6 /* MapViewStore.swift */; };
		7EE702022A6E4C7E00DEEFA6 /* CoreDataStore.swift in Sources */ = {isa = PBXBuildFile; fileRef = 7EE701C42A6E4C7E00DEEFA6 /* CoreDataStore.swift */; };
		7EE702032A6E4C7E00DEEFA6 /* TimePickerStore.swift in Sources */ = {isa = PBXBuildFile; fileRef = 7EE701C52A6E4C7E00DEEFA6 /* TimePickerStore.swift */; };
		7EE702042A6E4C7E00DEEFA6 /* Constants.swift in Sources */ = {isa = PBXBuildFile; fileRef = 7EE701C72A6E4C7E00DEEFA6 /* Constants.swift */; };
		7EE702052A6E4C7E00DEEFA6 /* DOSIyagiBoldface.ttf in Resources */ = {isa = PBXBuildFile; fileRef = 7EE701C92A6E4C7E00DEEFA6 /* DOSIyagiBoldface.ttf */; };
		7EE702062A6E4C7E00DEEFA6 /* DOSPilgi.ttf in Resources */ = {isa = PBXBuildFile; fileRef = 7EE701CA2A6E4C7E00DEEFA6 /* DOSPilgi.ttf */; };
		7EE702072A6E4C7E00DEEFA6 /* DOSMyungjo.ttf in Resources */ = {isa = PBXBuildFile; fileRef = 7EE701CB2A6E4C7E00DEEFA6 /* DOSMyungjo.ttf */; };
		7EE702082A6E4C7E00DEEFA6 /* MiraeroNormal.ttf in Resources */ = {isa = PBXBuildFile; fileRef = 7EE701CC2A6E4C7E00DEEFA6 /* MiraeroNormal.ttf */; };
		7EE702092A6E4C7E00DEEFA6 /* Sam3KRFont.ttf in Resources */ = {isa = PBXBuildFile; fileRef = 7EE701CD2A6E4C7E00DEEFA6 /* Sam3KRFont.ttf */; };
		7EE7020A2A6E4C7E00DEEFA6 /* DOSSaemmul.ttf in Resources */ = {isa = PBXBuildFile; fileRef = 7EE701CE2A6E4C7E00DEEFA6 /* DOSSaemmul.ttf */; };
		7EE7020B2A6E4C7E00DEEFA6 /* DOSGothic.ttf in Resources */ = {isa = PBXBuildFile; fileRef = 7EE701CF2A6E4C7E00DEEFA6 /* DOSGothic.ttf */; };
		7EE7020C2A6E4C7E00DEEFA6 /* Color+Palette.swift in Sources */ = {isa = PBXBuildFile; fileRef = 7EE701D12A6E4C7E00DEEFA6 /* Color+Palette.swift */; };
		7EE7020D2A6E4C7E00DEEFA6 /* Calendar+Weekdays.swift in Sources */ = {isa = PBXBuildFile; fileRef = 7EE701D22A6E4C7E00DEEFA6 /* Calendar+Weekdays.swift */; };
		7EE7020E2A6E4C7E00DEEFA6 /* DateFormatter+init.swift in Sources */ = {isa = PBXBuildFile; fileRef = 7EE701D32A6E4C7E00DEEFA6 /* DateFormatter+init.swift */; };
		7EE7020F2A6E4C7E00DEEFA6 /* Font+DosIyagi.swift in Sources */ = {isa = PBXBuildFile; fileRef = 7EE701D42A6E4C7E00DEEFA6 /* Font+DosIyagi.swift */; };
		7EE702102A6E4C7E00DEEFA6 /* Date+Utilities.swift in Sources */ = {isa = PBXBuildFile; fileRef = 7EE701D52A6E4C7E00DEEFA6 /* Date+Utilities.swift */; };
		7EE702112A6E4C7E00DEEFA6 /* Date+StartDates.swift in Sources */ = {isa = PBXBuildFile; fileRef = 7EE701D62A6E4C7E00DEEFA6 /* Date+StartDates.swift */; };
		7EE702122A6E4C7E00DEEFA6 /* HapticManager.swift in Sources */ = {isa = PBXBuildFile; fileRef = 7EE701D82A6E4C7E00DEEFA6 /* HapticManager.swift */; };
		7EE702132A6E4C7E00DEEFA6 /* DENavigationManager.swift in Sources */ = {isa = PBXBuildFile; fileRef = 7EE701D92A6E4C7E00DEEFA6 /* DENavigationManager.swift */; };
		7EE702142A6E4C7E00DEEFA6 /* CoreDataContainer.swift in Sources */ = {isa = PBXBuildFile; fileRef = 7EE701DA2A6E4C7E00DEEFA6 /* CoreDataContainer.swift */; };
		7EE702152A6E4C7E00DEEFA6 /* LofiCurtainView.swift in Sources */ = {isa = PBXBuildFile; fileRef = 7EE701DD2A6E4C7E00DEEFA6 /* LofiCurtainView.swift */; };
		7EE702162A6E4C7E00DEEFA6 /* LofiMainTabView.swift in Sources */ = {isa = PBXBuildFile; fileRef = 7EE701DE2A6E4C7E00DEEFA6 /* LofiMainTabView.swift */; };
		7EE702172A6E4C7E00DEEFA6 /* LofiTextCustomView.swift in Sources */ = {isa = PBXBuildFile; fileRef = 7EE701DF2A6E4C7E00DEEFA6 /* LofiTextCustomView.swift */; };
		7EE702182A6E4C7E00DEEFA6 /* LofiNameConfirmView.swift in Sources */ = {isa = PBXBuildFile; fileRef = 7EE701E02A6E4C7E00DEEFA6 /* LofiNameConfirmView.swift */; };
		7EE702192A6E4C7E00DEEFA6 /* LofiSleepTimeSettingView.swift in Sources */ = {isa = PBXBuildFile; fileRef = 7EE701E12A6E4C7E00DEEFA6 /* LofiSleepTimeSettingView.swift */; };
		7EE7021A2A6E4C7E00DEEFA6 /* LofiCreatureNamingView.swift in Sources */ = {isa = PBXBuildFile; fileRef = 7EE701E22A6E4C7E00DEEFA6 /* LofiCreatureNamingView.swift */; };
		7EE7021B2A6E4C7E00DEEFA6 /* LofiSleepGuideView.swift in Sources */ = {isa = PBXBuildFile; fileRef = 7EE701E32A6E4C7E00DEEFA6 /* LofiSleepGuideView.swift */; };
		7EE7021C2A6E4C7E00DEEFA6 /* LofiAwakeView.swift in Sources */ = {isa = PBXBuildFile; fileRef = 7EE701E42A6E4C7E00DEEFA6 /* LofiAwakeView.swift */; };
		7EE7021D2A6E4C7E00DEEFA6 /* LofiDreamWorldView.swift in Sources */ = {isa = PBXBuildFile; fileRef = 7EE701E52A6E4C7E00DEEFA6 /* LofiDreamWorldView.swift */; };
		7EE7021E2A6E4C7E00DEEFA6 /* LofiMainEggView.swift in Sources */ = {isa = PBXBuildFile; fileRef = 7EE701E62A6E4C7E00DEEFA6 /* LofiMainEggView.swift */; };
		7EE7021F2A6E4C7E00DEEFA6 /* SleepTimeSettingView.swift in Sources */ = {isa = PBXBuildFile; fileRef = 7EE701E82A6E4C7E00DEEFA6 /* SleepTimeSettingView.swift */; };
		7EE702202A6E4C7E00DEEFA6 /* DECalendarTestView.swift in Sources */ = {isa = PBXBuildFile; fileRef = 7EE701E92A6E4C7E00DEEFA6 /* DECalendarTestView.swift */; };
		7EE702212A6E4C7E00DEEFA6 /* FontTestView.swift in Sources */ = {isa = PBXBuildFile; fileRef = 7EE701EA2A6E4C7E00DEEFA6 /* FontTestView.swift */; };
		7EE702222A6E4C7E00DEEFA6 /* CoreDataTestView.swift in Sources */ = {isa = PBXBuildFile; fileRef = 7EE701EB2A6E4C7E00DEEFA6 /* CoreDataTestView.swift */; };
		7EE702232A6E4C7E00DEEFA6 /* MainEggsView.swift in Sources */ = {isa = PBXBuildFile; fileRef = 7EE701EC2A6E4C7E00DEEFA6 /* MainEggsView.swift */; };
		7EE702242A6E4C7E00DEEFA6 /* MapTestView.swift in Sources */ = {isa = PBXBuildFile; fileRef = 7EE701ED2A6E4C7E00DEEFA6 /* MapTestView.swift */; };
		7EE702252A6E4C7E00DEEFA6 /* EggInteractionTestView.swift in Sources */ = {isa = PBXBuildFile; fileRef = 7EE701EE2A6E4C7E00DEEFA6 /* EggInteractionTestView.swift */; };
		7EE702262A6E4C7E00DEEFA6 /* TimePickerTestView.swift in Sources */ = {isa = PBXBuildFile; fileRef = 7EE701EF2A6E4C7E00DEEFA6 /* TimePickerTestView.swift */; };
		7EE702272A6E4C7E00DEEFA6 /* HapticFeedbackTestView.swift in Sources */ = {isa = PBXBuildFile; fileRef = 7EE701F02A6E4C7E00DEEFA6 /* HapticFeedbackTestView.swift */; };
		7EE702282A6E4C7E00DEEFA6 /* LocalNotificationView.swift in Sources */ = {isa = PBXBuildFile; fileRef = 7EE701F12A6E4C7E00DEEFA6 /* LocalNotificationView.swift */; };
		7EE702292A6E4C7E00DEEFA6 /* GradientBackgroundView.swift in Sources */ = {isa = PBXBuildFile; fileRef = 7EE701F32A6E4C7E00DEEFA6 /* GradientBackgroundView.swift */; };
		7EE7022A2A6E4C7E00DEEFA6 /* DETimePicker.swift in Sources */ = {isa = PBXBuildFile; fileRef = 7EE701F42A6E4C7E00DEEFA6 /* DETimePicker.swift */; };
		7EE7022B2A6E4C7E00DEEFA6 /* TimePickerView.swift in Sources */ = {isa = PBXBuildFile; fileRef = 7EE701F52A6E4C7E00DEEFA6 /* TimePickerView.swift */; };
		7EE7022C2A6E4C7E00DEEFA6 /* DECalendar.swift in Sources */ = {isa = PBXBuildFile; fileRef = 7EE701F62A6E4C7E00DEEFA6 /* DECalendar.swift */; };
		7EE7022D2A6E4C7E00DEEFA6 /* DETitleHeader.swift in Sources */ = {isa = PBXBuildFile; fileRef = 7EE701F72A6E4C7E00DEEFA6 /* DETitleHeader.swift */; };
		7EE7022E2A6E4C7E00DEEFA6 /* ContentView.swift in Sources */ = {isa = PBXBuildFile; fileRef = 7EE701F82A6E4C7E00DEEFA6 /* ContentView.swift */; };
		93E97B392A6FA56B0000DB2B /* LofiBirthView.swift in Sources */ = {isa = PBXBuildFile; fileRef = 93E97B382A6FA56B0000DB2B /* LofiBirthView.swift */; };
		AE05EE112A6E634A0006F40D /* LofiEggDrawView.swift in Sources */ = {isa = PBXBuildFile; fileRef = AE05EE102A6E634A0006F40D /* LofiEggDrawView.swift */; };
		AE05EE132A6E65D30006F40D /* LofiEggInteractionView.swift in Sources */ = {isa = PBXBuildFile; fileRef = AE05EE122A6E65D30006F40D /* LofiEggInteractionView.swift */; };
		AEB342D42A7203690063DC14 /* DEButton.swift in Sources */ = {isa = PBXBuildFile; fileRef = AEB342D32A7203690063DC14 /* DEButton.swift */; };
		AEB342D62A7258E30063DC14 /* DENavigationLink.swift in Sources */ = {isa = PBXBuildFile; fileRef = AEB342D52A7258E30063DC14 /* DENavigationLink.swift */; };
		C28B7C892A724BC60009BECE /* LofiFailedView.swift in Sources */ = {isa = PBXBuildFile; fileRef = C28B7C882A724BC60009BECE /* LofiFailedView.swift */; };
/* End PBXBuildFile section */

/* Begin PBXFileReference section */
		2016FF782A76AB1600B6BA6D /* DEFontStyle.swift */ = {isa = PBXFileReference; lastKnownFileType = sourcecode.swift; path = DEFontStyle.swift; sourceTree = "<group>"; };
		2049DF522A6F0F7000966DDA /* CreatureDetailView.swift */ = {isa = PBXFileReference; lastKnownFileType = sourcecode.swift; path = CreatureDetailView.swift; sourceTree = "<group>"; };
		20A9A5D82A6FA82E008513D7 /* DETextField.swift */ = {isa = PBXFileReference; lastKnownFileType = sourcecode.swift; path = DETextField.swift; sourceTree = "<group>"; };
		20A9A5DA2A6FC3A5008513D7 /* NameEditingView.swift */ = {isa = PBXFileReference; lastKnownFileType = sourcecode.swift; path = NameEditingView.swift; sourceTree = "<group>"; };
		7E6A4FBD2A716E460085F236 /* DreamEgg.xcdatamodel */ = {isa = PBXFileReference; lastKnownFileType = wrapper.xcdatamodel; path = DreamEgg.xcdatamodel; sourceTree = "<group>"; };
		7EA7EBF32A6FC29E00C518FF /* View+ActivateConfetti.swift */ = {isa = PBXFileReference; lastKnownFileType = sourcecode.swift; path = "View+ActivateConfetti.swift"; sourceTree = "<group>"; };
		7EB70D1B2A6E4DCB003512ED /* Info.plist */ = {isa = PBXFileReference; lastKnownFileType = text.plist; path = Info.plist; sourceTree = "<group>"; };
		7EE7019E2A6E4C2100DEEFA6 /* DreamEgg.app */ = {isa = PBXFileReference; explicitFileType = wrapper.application; includeInIndex = 0; path = DreamEgg.app; sourceTree = BUILT_PRODUCTS_DIR; };
		7EE701A52A6E4C2200DEEFA6 /* Assets.xcassets */ = {isa = PBXFileReference; lastKnownFileType = folder.assetcatalog; path = Assets.xcassets; sourceTree = "<group>"; };
		7EE701A82A6E4C2200DEEFA6 /* Preview Assets.xcassets */ = {isa = PBXFileReference; lastKnownFileType = folder.assetcatalog; path = "Preview Assets.xcassets"; sourceTree = "<group>"; };
		7EE701B72A6E4C7000DEEFA6 /* DreamEggApp.swift */ = {isa = PBXFileReference; fileEncoding = 4; lastKnownFileType = sourcecode.swift; path = DreamEggApp.swift; sourceTree = "<group>"; };
		7EE701BA2A6E4C7E00DEEFA6 /* EggDrawStore.swift */ = {isa = PBXFileReference; fileEncoding = 4; lastKnownFileType = sourcecode.swift; path = EggDrawStore.swift; sourceTree = "<group>"; };
		7EE701BB2A6E4C7E00DEEFA6 /* EggAnimationStore.swift */ = {isa = PBXFileReference; fileEncoding = 4; lastKnownFileType = sourcecode.swift; path = EggAnimationStore.swift; sourceTree = "<group>"; };
		7EE701BD2A6E4C7E00DEEFA6 /* CoreDataRepresentable.swift */ = {isa = PBXFileReference; fileEncoding = 4; lastKnownFileType = sourcecode.swift; path = CoreDataRepresentable.swift; sourceTree = "<group>"; };
		7EE701BE2A6E4C7E00DEEFA6 /* LocalNotificationStore.swift */ = {isa = PBXFileReference; fileEncoding = 4; lastKnownFileType = sourcecode.swift; path = LocalNotificationStore.swift; sourceTree = "<group>"; };
		7EE701BF2A6E4C7E00DEEFA6 /* DailySleepTimeStore.swift */ = {isa = PBXFileReference; fileEncoding = 4; lastKnownFileType = sourcecode.swift; path = DailySleepTimeStore.swift; sourceTree = "<group>"; };
		7EE701C12A6E4C7E00DEEFA6 /* UserSleepConfigStore.swift */ = {isa = PBXFileReference; fileEncoding = 4; lastKnownFileType = sourcecode.swift; path = UserSleepConfigStore.swift; sourceTree = "<group>"; };
		7EE701C22A6E4C7E00DEEFA6 /* MapViewStore.swift */ = {isa = PBXFileReference; fileEncoding = 4; lastKnownFileType = sourcecode.swift; path = MapViewStore.swift; sourceTree = "<group>"; };
		7EE701C42A6E4C7E00DEEFA6 /* CoreDataStore.swift */ = {isa = PBXFileReference; fileEncoding = 4; lastKnownFileType = sourcecode.swift; path = CoreDataStore.swift; sourceTree = "<group>"; };
		7EE701C52A6E4C7E00DEEFA6 /* TimePickerStore.swift */ = {isa = PBXFileReference; fileEncoding = 4; lastKnownFileType = sourcecode.swift; path = TimePickerStore.swift; sourceTree = "<group>"; };
		7EE701C72A6E4C7E00DEEFA6 /* Constants.swift */ = {isa = PBXFileReference; fileEncoding = 4; lastKnownFileType = sourcecode.swift; path = Constants.swift; sourceTree = "<group>"; };
		7EE701C92A6E4C7E00DEEFA6 /* DOSIyagiBoldface.ttf */ = {isa = PBXFileReference; lastKnownFileType = file; path = DOSIyagiBoldface.ttf; sourceTree = "<group>"; };
		7EE701CA2A6E4C7E00DEEFA6 /* DOSPilgi.ttf */ = {isa = PBXFileReference; lastKnownFileType = file; path = DOSPilgi.ttf; sourceTree = "<group>"; };
		7EE701CB2A6E4C7E00DEEFA6 /* DOSMyungjo.ttf */ = {isa = PBXFileReference; lastKnownFileType = file; path = DOSMyungjo.ttf; sourceTree = "<group>"; };
		7EE701CC2A6E4C7E00DEEFA6 /* MiraeroNormal.ttf */ = {isa = PBXFileReference; lastKnownFileType = file; path = MiraeroNormal.ttf; sourceTree = "<group>"; };
		7EE701CD2A6E4C7E00DEEFA6 /* Sam3KRFont.ttf */ = {isa = PBXFileReference; lastKnownFileType = file; path = Sam3KRFont.ttf; sourceTree = "<group>"; };
		7EE701CE2A6E4C7E00DEEFA6 /* DOSSaemmul.ttf */ = {isa = PBXFileReference; lastKnownFileType = file; path = DOSSaemmul.ttf; sourceTree = "<group>"; };
		7EE701CF2A6E4C7E00DEEFA6 /* DOSGothic.ttf */ = {isa = PBXFileReference; lastKnownFileType = file; path = DOSGothic.ttf; sourceTree = "<group>"; };
		7EE701D12A6E4C7E00DEEFA6 /* Color+Palette.swift */ = {isa = PBXFileReference; fileEncoding = 4; lastKnownFileType = sourcecode.swift; path = "Color+Palette.swift"; sourceTree = "<group>"; };
		7EE701D22A6E4C7E00DEEFA6 /* Calendar+Weekdays.swift */ = {isa = PBXFileReference; fileEncoding = 4; lastKnownFileType = sourcecode.swift; path = "Calendar+Weekdays.swift"; sourceTree = "<group>"; };
		7EE701D32A6E4C7E00DEEFA6 /* DateFormatter+init.swift */ = {isa = PBXFileReference; fileEncoding = 4; lastKnownFileType = sourcecode.swift; path = "DateFormatter+init.swift"; sourceTree = "<group>"; };
		7EE701D42A6E4C7E00DEEFA6 /* Font+DosIyagi.swift */ = {isa = PBXFileReference; fileEncoding = 4; lastKnownFileType = sourcecode.swift; path = "Font+DosIyagi.swift"; sourceTree = "<group>"; };
		7EE701D52A6E4C7E00DEEFA6 /* Date+Utilities.swift */ = {isa = PBXFileReference; fileEncoding = 4; lastKnownFileType = sourcecode.swift; path = "Date+Utilities.swift"; sourceTree = "<group>"; };
		7EE701D62A6E4C7E00DEEFA6 /* Date+StartDates.swift */ = {isa = PBXFileReference; fileEncoding = 4; lastKnownFileType = sourcecode.swift; path = "Date+StartDates.swift"; sourceTree = "<group>"; };
		7EE701D82A6E4C7E00DEEFA6 /* HapticManager.swift */ = {isa = PBXFileReference; fileEncoding = 4; lastKnownFileType = sourcecode.swift; path = HapticManager.swift; sourceTree = "<group>"; };
		7EE701D92A6E4C7E00DEEFA6 /* DENavigationManager.swift */ = {isa = PBXFileReference; fileEncoding = 4; lastKnownFileType = sourcecode.swift; path = DENavigationManager.swift; sourceTree = "<group>"; };
		7EE701DA2A6E4C7E00DEEFA6 /* CoreDataContainer.swift */ = {isa = PBXFileReference; fileEncoding = 4; lastKnownFileType = sourcecode.swift; path = CoreDataContainer.swift; sourceTree = "<group>"; };
		7EE701DD2A6E4C7E00DEEFA6 /* LofiCurtainView.swift */ = {isa = PBXFileReference; fileEncoding = 4; lastKnownFileType = sourcecode.swift; path = LofiCurtainView.swift; sourceTree = "<group>"; };
		7EE701DE2A6E4C7E00DEEFA6 /* LofiMainTabView.swift */ = {isa = PBXFileReference; fileEncoding = 4; lastKnownFileType = sourcecode.swift; path = LofiMainTabView.swift; sourceTree = "<group>"; };
		7EE701DF2A6E4C7E00DEEFA6 /* LofiTextCustomView.swift */ = {isa = PBXFileReference; fileEncoding = 4; lastKnownFileType = sourcecode.swift; path = LofiTextCustomView.swift; sourceTree = "<group>"; };
		7EE701E02A6E4C7E00DEEFA6 /* LofiNameConfirmView.swift */ = {isa = PBXFileReference; fileEncoding = 4; lastKnownFileType = sourcecode.swift; path = LofiNameConfirmView.swift; sourceTree = "<group>"; };
		7EE701E12A6E4C7E00DEEFA6 /* LofiSleepTimeSettingView.swift */ = {isa = PBXFileReference; fileEncoding = 4; lastKnownFileType = sourcecode.swift; path = LofiSleepTimeSettingView.swift; sourceTree = "<group>"; };
		7EE701E22A6E4C7E00DEEFA6 /* LofiCreatureNamingView.swift */ = {isa = PBXFileReference; fileEncoding = 4; lastKnownFileType = sourcecode.swift; path = LofiCreatureNamingView.swift; sourceTree = "<group>"; };
		7EE701E32A6E4C7E00DEEFA6 /* LofiSleepGuideView.swift */ = {isa = PBXFileReference; fileEncoding = 4; lastKnownFileType = sourcecode.swift; path = LofiSleepGuideView.swift; sourceTree = "<group>"; };
		7EE701E42A6E4C7E00DEEFA6 /* LofiAwakeView.swift */ = {isa = PBXFileReference; fileEncoding = 4; lastKnownFileType = sourcecode.swift; path = LofiAwakeView.swift; sourceTree = "<group>"; };
		7EE701E52A6E4C7E00DEEFA6 /* LofiDreamWorldView.swift */ = {isa = PBXFileReference; fileEncoding = 4; lastKnownFileType = sourcecode.swift; path = LofiDreamWorldView.swift; sourceTree = "<group>"; };
		7EE701E62A6E4C7E00DEEFA6 /* LofiMainEggView.swift */ = {isa = PBXFileReference; fileEncoding = 4; lastKnownFileType = sourcecode.swift; path = LofiMainEggView.swift; sourceTree = "<group>"; };
		7EE701E82A6E4C7E00DEEFA6 /* SleepTimeSettingView.swift */ = {isa = PBXFileReference; fileEncoding = 4; lastKnownFileType = sourcecode.swift; path = SleepTimeSettingView.swift; sourceTree = "<group>"; };
		7EE701E92A6E4C7E00DEEFA6 /* DECalendarTestView.swift */ = {isa = PBXFileReference; fileEncoding = 4; lastKnownFileType = sourcecode.swift; path = DECalendarTestView.swift; sourceTree = "<group>"; };
		7EE701EA2A6E4C7E00DEEFA6 /* FontTestView.swift */ = {isa = PBXFileReference; fileEncoding = 4; lastKnownFileType = sourcecode.swift; path = FontTestView.swift; sourceTree = "<group>"; };
		7EE701EB2A6E4C7E00DEEFA6 /* CoreDataTestView.swift */ = {isa = PBXFileReference; fileEncoding = 4; lastKnownFileType = sourcecode.swift; path = CoreDataTestView.swift; sourceTree = "<group>"; };
		7EE701EC2A6E4C7E00DEEFA6 /* MainEggsView.swift */ = {isa = PBXFileReference; fileEncoding = 4; lastKnownFileType = sourcecode.swift; path = MainEggsView.swift; sourceTree = "<group>"; };
		7EE701ED2A6E4C7E00DEEFA6 /* MapTestView.swift */ = {isa = PBXFileReference; fileEncoding = 4; lastKnownFileType = sourcecode.swift; path = MapTestView.swift; sourceTree = "<group>"; };
		7EE701EE2A6E4C7E00DEEFA6 /* EggInteractionTestView.swift */ = {isa = PBXFileReference; fileEncoding = 4; lastKnownFileType = sourcecode.swift; path = EggInteractionTestView.swift; sourceTree = "<group>"; };
		7EE701EF2A6E4C7E00DEEFA6 /* TimePickerTestView.swift */ = {isa = PBXFileReference; fileEncoding = 4; lastKnownFileType = sourcecode.swift; path = TimePickerTestView.swift; sourceTree = "<group>"; };
		7EE701F02A6E4C7E00DEEFA6 /* HapticFeedbackTestView.swift */ = {isa = PBXFileReference; fileEncoding = 4; lastKnownFileType = sourcecode.swift; path = HapticFeedbackTestView.swift; sourceTree = "<group>"; };
		7EE701F12A6E4C7E00DEEFA6 /* LocalNotificationView.swift */ = {isa = PBXFileReference; fileEncoding = 4; lastKnownFileType = sourcecode.swift; path = LocalNotificationView.swift; sourceTree = "<group>"; };
		7EE701F32A6E4C7E00DEEFA6 /* GradientBackgroundView.swift */ = {isa = PBXFileReference; fileEncoding = 4; lastKnownFileType = sourcecode.swift; path = GradientBackgroundView.swift; sourceTree = "<group>"; };
		7EE701F42A6E4C7E00DEEFA6 /* DETimePicker.swift */ = {isa = PBXFileReference; fileEncoding = 4; lastKnownFileType = sourcecode.swift; path = DETimePicker.swift; sourceTree = "<group>"; };
		7EE701F52A6E4C7E00DEEFA6 /* TimePickerView.swift */ = {isa = PBXFileReference; fileEncoding = 4; lastKnownFileType = sourcecode.swift; path = TimePickerView.swift; sourceTree = "<group>"; };
		7EE701F62A6E4C7E00DEEFA6 /* DECalendar.swift */ = {isa = PBXFileReference; fileEncoding = 4; lastKnownFileType = sourcecode.swift; path = DECalendar.swift; sourceTree = "<group>"; };
		7EE701F72A6E4C7E00DEEFA6 /* DETitleHeader.swift */ = {isa = PBXFileReference; fileEncoding = 4; lastKnownFileType = sourcecode.swift; path = DETitleHeader.swift; sourceTree = "<group>"; };
		7EE701F82A6E4C7E00DEEFA6 /* ContentView.swift */ = {isa = PBXFileReference; fileEncoding = 4; lastKnownFileType = sourcecode.swift; path = ContentView.swift; sourceTree = "<group>"; };
		7EF4BB732A6F7C4C00264ECE /* DreamEgg.entitlements */ = {isa = PBXFileReference; lastKnownFileType = text.plist.entitlements; path = DreamEgg.entitlements; sourceTree = "<group>"; };
		93E97B382A6FA56B0000DB2B /* LofiBirthView.swift */ = {isa = PBXFileReference; lastKnownFileType = sourcecode.swift; path = LofiBirthView.swift; sourceTree = "<group>"; };
		AE05EE102A6E634A0006F40D /* LofiEggDrawView.swift */ = {isa = PBXFileReference; lastKnownFileType = sourcecode.swift; path = LofiEggDrawView.swift; sourceTree = "<group>"; };
		AE05EE122A6E65D30006F40D /* LofiEggInteractionView.swift */ = {isa = PBXFileReference; lastKnownFileType = sourcecode.swift; path = LofiEggInteractionView.swift; sourceTree = "<group>"; };
		AEB342D32A7203690063DC14 /* DEButton.swift */ = {isa = PBXFileReference; lastKnownFileType = sourcecode.swift; path = DEButton.swift; sourceTree = "<group>"; };
		AEB342D52A7258E30063DC14 /* DENavigationLink.swift */ = {isa = PBXFileReference; lastKnownFileType = sourcecode.swift; path = DENavigationLink.swift; sourceTree = "<group>"; };
		C28B7C882A724BC60009BECE /* LofiFailedView.swift */ = {isa = PBXFileReference; lastKnownFileType = sourcecode.swift; path = LofiFailedView.swift; sourceTree = "<group>"; };
/* End PBXFileReference section */

/* Begin PBXFrameworksBuildPhase section */
		7EE7019B2A6E4C2100DEEFA6 /* Frameworks */ = {
			isa = PBXFrameworksBuildPhase;
			buildActionMask = 2147483647;
			files = (
			);
			runOnlyForDeploymentPostprocessing = 0;
		};
/* End PBXFrameworksBuildPhase section */

/* Begin PBXGroup section */
		7EE701952A6E4C2100DEEFA6 = {
			isa = PBXGroup;
			children = (
				7EE701A02A6E4C2100DEEFA6 /* DreamEgg */,
				7EE7019F2A6E4C2100DEEFA6 /* Products */,
			);
			sourceTree = "<group>";
		};
		7EE7019F2A6E4C2100DEEFA6 /* Products */ = {
			isa = PBXGroup;
			children = (
				7EE7019E2A6E4C2100DEEFA6 /* DreamEgg.app */,
			);
			name = Products;
			sourceTree = "<group>";
		};
		7EE701A02A6E4C2100DEEFA6 /* DreamEgg */ = {
			isa = PBXGroup;
			children = (
				7EF4BB732A6F7C4C00264ECE /* DreamEgg.entitlements */,
				7EB70D1B2A6E4DCB003512ED /* Info.plist */,
				7EE701B72A6E4C7000DEEFA6 /* DreamEggApp.swift */,
				7EE701D02A6E4C7E00DEEFA6 /* Extensions */,
				7EE701D72A6E4C7E00DEEFA6 /* Models */,
				7EE701C62A6E4C7E00DEEFA6 /* Resources */,
				7EE701B92A6E4C7E00DEEFA6 /* Stores */,
				7EE701DB2A6E4C7E00DEEFA6 /* Views */,
				7EE701A52A6E4C2200DEEFA6 /* Assets.xcassets */,
				7E6A4FBC2A716E460085F236 /* DreamEgg.xcdatamodeld */,
				7EE701A72A6E4C2200DEEFA6 /* Preview Content */,
			);
			path = DreamEgg;
			sourceTree = "<group>";
		};
		7EE701A72A6E4C2200DEEFA6 /* Preview Content */ = {
			isa = PBXGroup;
			children = (
				7EE701A82A6E4C2200DEEFA6 /* Preview Assets.xcassets */,
			);
			path = "Preview Content";
			sourceTree = "<group>";
		};
		7EE701B92A6E4C7E00DEEFA6 /* Stores */ = {
			isa = PBXGroup;
			children = (
				7EE701BC2A6E4C7E00DEEFA6 /* Interface */,
				7EE701BA2A6E4C7E00DEEFA6 /* EggDrawStore.swift */,
				7EE701BB2A6E4C7E00DEEFA6 /* EggAnimationStore.swift */,
				7EE701BE2A6E4C7E00DEEFA6 /* LocalNotificationStore.swift */,
				7EE701BF2A6E4C7E00DEEFA6 /* DailySleepTimeStore.swift */,
				7EE701C12A6E4C7E00DEEFA6 /* UserSleepConfigStore.swift */,
				7EE701C22A6E4C7E00DEEFA6 /* MapViewStore.swift */,
				7EE701C42A6E4C7E00DEEFA6 /* CoreDataStore.swift */,
				7EE701C52A6E4C7E00DEEFA6 /* TimePickerStore.swift */,
			);
			path = Stores;
			sourceTree = "<group>";
		};
		7EE701BC2A6E4C7E00DEEFA6 /* Interface */ = {
			isa = PBXGroup;
			children = (
				7EE701BD2A6E4C7E00DEEFA6 /* CoreDataRepresentable.swift */,
			);
			path = Interface;
			sourceTree = "<group>";
		};
		7EE701C62A6E4C7E00DEEFA6 /* Resources */ = {
			isa = PBXGroup;
			children = (
				7EE701C72A6E4C7E00DEEFA6 /* Constants.swift */,
				7EE701C82A6E4C7E00DEEFA6 /* Fonts */,
			);
			path = Resources;
			sourceTree = "<group>";
		};
		7EE701C82A6E4C7E00DEEFA6 /* Fonts */ = {
			isa = PBXGroup;
			children = (
				7EE701C92A6E4C7E00DEEFA6 /* DOSIyagiBoldface.ttf */,
				7EE701CA2A6E4C7E00DEEFA6 /* DOSPilgi.ttf */,
				7EE701CB2A6E4C7E00DEEFA6 /* DOSMyungjo.ttf */,
				7EE701CC2A6E4C7E00DEEFA6 /* MiraeroNormal.ttf */,
				7EE701CD2A6E4C7E00DEEFA6 /* Sam3KRFont.ttf */,
				7EE701CE2A6E4C7E00DEEFA6 /* DOSSaemmul.ttf */,
				7EE701CF2A6E4C7E00DEEFA6 /* DOSGothic.ttf */,
			);
			path = Fonts;
			sourceTree = "<group>";
		};
		7EE701D02A6E4C7E00DEEFA6 /* Extensions */ = {
			isa = PBXGroup;
			children = (
				7EE701D12A6E4C7E00DEEFA6 /* Color+Palette.swift */,
				7EE701D22A6E4C7E00DEEFA6 /* Calendar+Weekdays.swift */,
				7EE701D32A6E4C7E00DEEFA6 /* DateFormatter+init.swift */,
				7EE701D42A6E4C7E00DEEFA6 /* Font+DosIyagi.swift */,
				7EE701D52A6E4C7E00DEEFA6 /* Date+Utilities.swift */,
				7EA7EBF32A6FC29E00C518FF /* View+ActivateConfetti.swift */,
				7EE701D62A6E4C7E00DEEFA6 /* Date+StartDates.swift */,
			);
			path = Extensions;
			sourceTree = "<group>";
		};
		7EE701D72A6E4C7E00DEEFA6 /* Models */ = {
			isa = PBXGroup;
			children = (
				7EE701D82A6E4C7E00DEEFA6 /* HapticManager.swift */,
				7EE701D92A6E4C7E00DEEFA6 /* DENavigationManager.swift */,
				7EE701DA2A6E4C7E00DEEFA6 /* CoreDataContainer.swift */,
			);
			path = Models;
			sourceTree = "<group>";
		};
		7EE701DB2A6E4C7E00DEEFA6 /* Views */ = {
			isa = PBXGroup;
			children = (
				7EE701F82A6E4C7E00DEEFA6 /* ContentView.swift */,
				7EE701DC2A6E4C7E00DEEFA6 /* Lofi */,
				7EE701E72A6E4C7E00DEEFA6 /* TestViews */,
				7EE701F22A6E4C7E00DEEFA6 /* Components */,
			);
			path = Views;
			sourceTree = "<group>";
		};
		7EE701DC2A6E4C7E00DEEFA6 /* Lofi */ = {
			isa = PBXGroup;
			children = (
				7EE701DD2A6E4C7E00DEEFA6 /* LofiCurtainView.swift */,
				7EE701DE2A6E4C7E00DEEFA6 /* LofiMainTabView.swift */,
				7EE701DF2A6E4C7E00DEEFA6 /* LofiTextCustomView.swift */,
				7EE701E02A6E4C7E00DEEFA6 /* LofiNameConfirmView.swift */,
				7EE701E12A6E4C7E00DEEFA6 /* LofiSleepTimeSettingView.swift */,
				7EE701E22A6E4C7E00DEEFA6 /* LofiCreatureNamingView.swift */,
				7EE701E32A6E4C7E00DEEFA6 /* LofiSleepGuideView.swift */,
				7EE701E42A6E4C7E00DEEFA6 /* LofiAwakeView.swift */,
				7EE701E52A6E4C7E00DEEFA6 /* LofiDreamWorldView.swift */,
				7EE701E62A6E4C7E00DEEFA6 /* LofiMainEggView.swift */,
				93E97B382A6FA56B0000DB2B /* LofiBirthView.swift */,
				C28B7C882A724BC60009BECE /* LofiFailedView.swift */,
				AE05EE102A6E634A0006F40D /* LofiEggDrawView.swift */,
				AE05EE122A6E65D30006F40D /* LofiEggInteractionView.swift */,
			);
			path = Lofi;
			sourceTree = "<group>";
		};
		7EE701E72A6E4C7E00DEEFA6 /* TestViews */ = {
			isa = PBXGroup;
			children = (
				7EE701E82A6E4C7E00DEEFA6 /* SleepTimeSettingView.swift */,
				7EE701E92A6E4C7E00DEEFA6 /* DECalendarTestView.swift */,
				7EE701EA2A6E4C7E00DEEFA6 /* FontTestView.swift */,
				7EE701EB2A6E4C7E00DEEFA6 /* CoreDataTestView.swift */,
				7EE701EC2A6E4C7E00DEEFA6 /* MainEggsView.swift */,
				7EE701ED2A6E4C7E00DEEFA6 /* MapTestView.swift */,
				7EE701EE2A6E4C7E00DEEFA6 /* EggInteractionTestView.swift */,
				7EE701EF2A6E4C7E00DEEFA6 /* TimePickerTestView.swift */,
				7EE701F02A6E4C7E00DEEFA6 /* HapticFeedbackTestView.swift */,
				7EE701F12A6E4C7E00DEEFA6 /* LocalNotificationView.swift */,
				2049DF522A6F0F7000966DDA /* CreatureDetailView.swift */,
				20A9A5DA2A6FC3A5008513D7 /* NameEditingView.swift */,
			);
			path = TestViews;
			sourceTree = "<group>";
		};
		7EE701F22A6E4C7E00DEEFA6 /* Components */ = {
			isa = PBXGroup;
			children = (
				7EE701F32A6E4C7E00DEEFA6 /* GradientBackgroundView.swift */,
				7EE701F42A6E4C7E00DEEFA6 /* DETimePicker.swift */,
				7EE701F52A6E4C7E00DEEFA6 /* TimePickerView.swift */,
				7EE701F62A6E4C7E00DEEFA6 /* DECalendar.swift */,
				7EE701F72A6E4C7E00DEEFA6 /* DETitleHeader.swift */,
				20A9A5D82A6FA82E008513D7 /* DETextField.swift */,
				AEB342D32A7203690063DC14 /* DEButton.swift */,
				AEB342D52A7258E30063DC14 /* DENavigationLink.swift */,
				2016FF782A76AB1600B6BA6D /* DEFontStyle.swift */,
			);
			path = Components;
			sourceTree = "<group>";
		};
/* End PBXGroup section */

/* Begin PBXNativeTarget section */
		7EE7019D2A6E4C2100DEEFA6 /* DreamEgg */ = {
			isa = PBXNativeTarget;
			buildConfigurationList = 7EE701B12A6E4C2200DEEFA6 /* Build configuration list for PBXNativeTarget "DreamEgg" */;
			buildPhases = (
				7EE7019A2A6E4C2100DEEFA6 /* Sources */,
				7EE7019B2A6E4C2100DEEFA6 /* Frameworks */,
				7EE7019C2A6E4C2100DEEFA6 /* Resources */,
			);
			buildRules = (
			);
			dependencies = (
			);
			name = DreamEgg;
			productName = DreamEgg;
			productReference = 7EE7019E2A6E4C2100DEEFA6 /* DreamEgg.app */;
			productType = "com.apple.product-type.application";
		};
/* End PBXNativeTarget section */

/* Begin PBXProject section */
		7EE701962A6E4C2100DEEFA6 /* Project object */ = {
			isa = PBXProject;
			attributes = {
				BuildIndependentTargetsInParallel = 1;
				LastSwiftUpdateCheck = 1420;
				LastUpgradeCheck = 1420;
				TargetAttributes = {
					7EE7019D2A6E4C2100DEEFA6 = {
						CreatedOnToolsVersion = 14.2;
						LastSwiftMigration = 1420;
					};
				};
			};
			buildConfigurationList = 7EE701992A6E4C2100DEEFA6 /* Build configuration list for PBXProject "DreamEgg" */;
			compatibilityVersion = "Xcode 14.0";
			developmentRegion = en;
			hasScannedForEncodings = 0;
			knownRegions = (
				en,
				Base,
			);
			mainGroup = 7EE701952A6E4C2100DEEFA6;
			productRefGroup = 7EE7019F2A6E4C2100DEEFA6 /* Products */;
			projectDirPath = "";
			projectRoot = "";
			targets = (
				7EE7019D2A6E4C2100DEEFA6 /* DreamEgg */,
			);
		};
/* End PBXProject section */

/* Begin PBXResourcesBuildPhase section */
		7EE7019C2A6E4C2100DEEFA6 /* Resources */ = {
			isa = PBXResourcesBuildPhase;
			buildActionMask = 2147483647;
			files = (
				7EE702052A6E4C7E00DEEFA6 /* DOSIyagiBoldface.ttf in Resources */,
				7EE702072A6E4C7E00DEEFA6 /* DOSMyungjo.ttf in Resources */,
				7EE701A92A6E4C2200DEEFA6 /* Preview Assets.xcassets in Resources */,
				7EE702092A6E4C7E00DEEFA6 /* Sam3KRFont.ttf in Resources */,
				7EE7020B2A6E4C7E00DEEFA6 /* DOSGothic.ttf in Resources */,
				7EE7020A2A6E4C7E00DEEFA6 /* DOSSaemmul.ttf in Resources */,
				7EE702082A6E4C7E00DEEFA6 /* MiraeroNormal.ttf in Resources */,
				7EE701A62A6E4C2200DEEFA6 /* Assets.xcassets in Resources */,
				7EE702062A6E4C7E00DEEFA6 /* DOSPilgi.ttf in Resources */,
			);
			runOnlyForDeploymentPostprocessing = 0;
		};
/* End PBXResourcesBuildPhase section */

/* Begin PBXSourcesBuildPhase section */
		7EE7019A2A6E4C2100DEEFA6 /* Sources */ = {
			isa = PBXSourcesBuildPhase;
			buildActionMask = 2147483647;
			files = (
				7EE702202A6E4C7E00DEEFA6 /* DECalendarTestView.swift in Sources */,
				7EE7021F2A6E4C7E00DEEFA6 /* SleepTimeSettingView.swift in Sources */,
				7EE702192A6E4C7E00DEEFA6 /* LofiSleepTimeSettingView.swift in Sources */,
				7EE702212A6E4C7E00DEEFA6 /* FontTestView.swift in Sources */,
				7EE702252A6E4C7E00DEEFA6 /* EggInteractionTestView.swift in Sources */,
				93E97B392A6FA56B0000DB2B /* LofiBirthView.swift in Sources */,
				7EE701B82A6E4C7000DEEFA6 /* DreamEggApp.swift in Sources */,
				7EE702102A6E4C7E00DEEFA6 /* Date+Utilities.swift in Sources */,
				20A9A5DB2A6FC3A5008513D7 /* NameEditingView.swift in Sources */,
				2016FF792A76AB1600B6BA6D /* DEFontStyle.swift in Sources */,
				7EE7022C2A6E4C7E00DEEFA6 /* DECalendar.swift in Sources */,
				7EE7022E2A6E4C7E00DEEFA6 /* ContentView.swift in Sources */,
				7EE702292A6E4C7E00DEEFA6 /* GradientBackgroundView.swift in Sources */,
				7EE701FC2A6E4C7E00DEEFA6 /* LocalNotificationStore.swift in Sources */,
				7EE702002A6E4C7E00DEEFA6 /* MapViewStore.swift in Sources */,
				7EE7021C2A6E4C7E00DEEFA6 /* LofiAwakeView.swift in Sources */,
				AEB342D62A7258E30063DC14 /* DENavigationLink.swift in Sources */,
				7EE702182A6E4C7E00DEEFA6 /* LofiNameConfirmView.swift in Sources */,
				7EE702222A6E4C7E00DEEFA6 /* CoreDataTestView.swift in Sources */,
				7EE7020D2A6E4C7E00DEEFA6 /* Calendar+Weekdays.swift in Sources */,
				7EE7022B2A6E4C7E00DEEFA6 /* TimePickerView.swift in Sources */,
				7EE7021D2A6E4C7E00DEEFA6 /* LofiDreamWorldView.swift in Sources */,
				7EE7022D2A6E4C7E00DEEFA6 /* DETitleHeader.swift in Sources */,
				C28B7C892A724BC60009BECE /* LofiFailedView.swift in Sources */,
				7EE702032A6E4C7E00DEEFA6 /* TimePickerStore.swift in Sources */,
				7EE7022A2A6E4C7E00DEEFA6 /* DETimePicker.swift in Sources */,
				2049DF532A6F0F7000966DDA /* CreatureDetailView.swift in Sources */,
				7EE701FA2A6E4C7E00DEEFA6 /* EggAnimationStore.swift in Sources */,
				7EE702112A6E4C7E00DEEFA6 /* Date+StartDates.swift in Sources */,
				7EE702242A6E4C7E00DEEFA6 /* MapTestView.swift in Sources */,
				7EE702022A6E4C7E00DEEFA6 /* CoreDataStore.swift in Sources */,
				7EE7020C2A6E4C7E00DEEFA6 /* Color+Palette.swift in Sources */,
				7EE701FD2A6E4C7E00DEEFA6 /* DailySleepTimeStore.swift in Sources */,
				7EE701FF2A6E4C7E00DEEFA6 /* UserSleepConfigStore.swift in Sources */,
				7EE702132A6E4C7E00DEEFA6 /* DENavigationManager.swift in Sources */,
				7EE702142A6E4C7E00DEEFA6 /* CoreDataContainer.swift in Sources */,
				20A9A5D92A6FA82E008513D7 /* DETextField.swift in Sources */,
				7EE702232A6E4C7E00DEEFA6 /* MainEggsView.swift in Sources */,
				7EE702042A6E4C7E00DEEFA6 /* Constants.swift in Sources */,
				7EA7EBF42A6FC29E00C518FF /* View+ActivateConfetti.swift in Sources */,
				7EE702122A6E4C7E00DEEFA6 /* HapticManager.swift in Sources */,
				7EE702272A6E4C7E00DEEFA6 /* HapticFeedbackTestView.swift in Sources */,
				7EE702152A6E4C7E00DEEFA6 /* LofiCurtainView.swift in Sources */,
				7EE7021A2A6E4C7E00DEEFA6 /* LofiCreatureNamingView.swift in Sources */,
				7EE7021B2A6E4C7E00DEEFA6 /* LofiSleepGuideView.swift in Sources */,
				7EE702162A6E4C7E00DEEFA6 /* LofiMainTabView.swift in Sources */,
				7EE701F92A6E4C7E00DEEFA6 /* EggDrawStore.swift in Sources */,
				AE05EE112A6E634A0006F40D /* LofiEggDrawView.swift in Sources */,
				7EE7021E2A6E4C7E00DEEFA6 /* LofiMainEggView.swift in Sources */,
				7E6A4FBE2A716E460085F236 /* DreamEgg.xcdatamodeld in Sources */,
				7EE702172A6E4C7E00DEEFA6 /* LofiTextCustomView.swift in Sources */,
				7EE702262A6E4C7E00DEEFA6 /* TimePickerTestView.swift in Sources */,
				AE05EE132A6E65D30006F40D /* LofiEggInteractionView.swift in Sources */,
				7EE701FB2A6E4C7E00DEEFA6 /* CoreDataRepresentable.swift in Sources */,
				AEB342D42A7203690063DC14 /* DEButton.swift in Sources */,
				7EE7020E2A6E4C7E00DEEFA6 /* DateFormatter+init.swift in Sources */,
				7EE7020F2A6E4C7E00DEEFA6 /* Font+DosIyagi.swift in Sources */,
				7EE702282A6E4C7E00DEEFA6 /* LocalNotificationView.swift in Sources */,
			);
			runOnlyForDeploymentPostprocessing = 0;
		};
/* End PBXSourcesBuildPhase section */

/* Begin XCBuildConfiguration section */
		7EE701AF2A6E4C2200DEEFA6 /* Debug */ = {
			isa = XCBuildConfiguration;
			buildSettings = {
				ALWAYS_SEARCH_USER_PATHS = NO;
				CLANG_ANALYZER_NONNULL = YES;
				CLANG_ANALYZER_NUMBER_OBJECT_CONVERSION = YES_AGGRESSIVE;
				CLANG_CXX_LANGUAGE_STANDARD = "gnu++20";
				CLANG_ENABLE_MODULES = YES;
				CLANG_ENABLE_OBJC_ARC = YES;
				CLANG_ENABLE_OBJC_WEAK = YES;
				CLANG_WARN_BLOCK_CAPTURE_AUTORELEASING = YES;
				CLANG_WARN_BOOL_CONVERSION = YES;
				CLANG_WARN_COMMA = YES;
				CLANG_WARN_CONSTANT_CONVERSION = YES;
				CLANG_WARN_DEPRECATED_OBJC_IMPLEMENTATIONS = YES;
				CLANG_WARN_DIRECT_OBJC_ISA_USAGE = YES_ERROR;
				CLANG_WARN_DOCUMENTATION_COMMENTS = YES;
				CLANG_WARN_EMPTY_BODY = YES;
				CLANG_WARN_ENUM_CONVERSION = YES;
				CLANG_WARN_INFINITE_RECURSION = YES;
				CLANG_WARN_INT_CONVERSION = YES;
				CLANG_WARN_NON_LITERAL_NULL_CONVERSION = YES;
				CLANG_WARN_OBJC_IMPLICIT_RETAIN_SELF = YES;
				CLANG_WARN_OBJC_LITERAL_CONVERSION = YES;
				CLANG_WARN_OBJC_ROOT_CLASS = YES_ERROR;
				CLANG_WARN_QUOTED_INCLUDE_IN_FRAMEWORK_HEADER = YES;
				CLANG_WARN_RANGE_LOOP_ANALYSIS = YES;
				CLANG_WARN_STRICT_PROTOTYPES = YES;
				CLANG_WARN_SUSPICIOUS_MOVE = YES;
				CLANG_WARN_UNGUARDED_AVAILABILITY = YES_AGGRESSIVE;
				CLANG_WARN_UNREACHABLE_CODE = YES;
				CLANG_WARN__DUPLICATE_METHOD_MATCH = YES;
				COPY_PHASE_STRIP = NO;
				DEBUG_INFORMATION_FORMAT = dwarf;
				ENABLE_STRICT_OBJC_MSGSEND = YES;
				ENABLE_TESTABILITY = YES;
				GCC_C_LANGUAGE_STANDARD = gnu11;
				GCC_DYNAMIC_NO_PIC = NO;
				GCC_NO_COMMON_BLOCKS = YES;
				GCC_OPTIMIZATION_LEVEL = 0;
				GCC_PREPROCESSOR_DEFINITIONS = (
					"DEBUG=1",
					"$(inherited)",
				);
				GCC_WARN_64_TO_32_BIT_CONVERSION = YES;
				GCC_WARN_ABOUT_RETURN_TYPE = YES_ERROR;
				GCC_WARN_UNDECLARED_SELECTOR = YES;
				GCC_WARN_UNINITIALIZED_AUTOS = YES_AGGRESSIVE;
				GCC_WARN_UNUSED_FUNCTION = YES;
				GCC_WARN_UNUSED_VARIABLE = YES;
				IPHONEOS_DEPLOYMENT_TARGET = 16.2;
				MTL_ENABLE_DEBUG_INFO = INCLUDE_SOURCE;
				MTL_FAST_MATH = YES;
				ONLY_ACTIVE_ARCH = YES;
				SDKROOT = iphoneos;
				SWIFT_ACTIVE_COMPILATION_CONDITIONS = DEBUG;
				SWIFT_OPTIMIZATION_LEVEL = "-Onone";
			};
			name = Debug;
		};
		7EE701B02A6E4C2200DEEFA6 /* Release */ = {
			isa = XCBuildConfiguration;
			buildSettings = {
				ALWAYS_SEARCH_USER_PATHS = NO;
				CLANG_ANALYZER_NONNULL = YES;
				CLANG_ANALYZER_NUMBER_OBJECT_CONVERSION = YES_AGGRESSIVE;
				CLANG_CXX_LANGUAGE_STANDARD = "gnu++20";
				CLANG_ENABLE_MODULES = YES;
				CLANG_ENABLE_OBJC_ARC = YES;
				CLANG_ENABLE_OBJC_WEAK = YES;
				CLANG_WARN_BLOCK_CAPTURE_AUTORELEASING = YES;
				CLANG_WARN_BOOL_CONVERSION = YES;
				CLANG_WARN_COMMA = YES;
				CLANG_WARN_CONSTANT_CONVERSION = YES;
				CLANG_WARN_DEPRECATED_OBJC_IMPLEMENTATIONS = YES;
				CLANG_WARN_DIRECT_OBJC_ISA_USAGE = YES_ERROR;
				CLANG_WARN_DOCUMENTATION_COMMENTS = YES;
				CLANG_WARN_EMPTY_BODY = YES;
				CLANG_WARN_ENUM_CONVERSION = YES;
				CLANG_WARN_INFINITE_RECURSION = YES;
				CLANG_WARN_INT_CONVERSION = YES;
				CLANG_WARN_NON_LITERAL_NULL_CONVERSION = YES;
				CLANG_WARN_OBJC_IMPLICIT_RETAIN_SELF = YES;
				CLANG_WARN_OBJC_LITERAL_CONVERSION = YES;
				CLANG_WARN_OBJC_ROOT_CLASS = YES_ERROR;
				CLANG_WARN_QUOTED_INCLUDE_IN_FRAMEWORK_HEADER = YES;
				CLANG_WARN_RANGE_LOOP_ANALYSIS = YES;
				CLANG_WARN_STRICT_PROTOTYPES = YES;
				CLANG_WARN_SUSPICIOUS_MOVE = YES;
				CLANG_WARN_UNGUARDED_AVAILABILITY = YES_AGGRESSIVE;
				CLANG_WARN_UNREACHABLE_CODE = YES;
				CLANG_WARN__DUPLICATE_METHOD_MATCH = YES;
				COPY_PHASE_STRIP = NO;
				DEBUG_INFORMATION_FORMAT = "dwarf-with-dsym";
				ENABLE_NS_ASSERTIONS = NO;
				ENABLE_STRICT_OBJC_MSGSEND = YES;
				GCC_C_LANGUAGE_STANDARD = gnu11;
				GCC_NO_COMMON_BLOCKS = YES;
				GCC_WARN_64_TO_32_BIT_CONVERSION = YES;
				GCC_WARN_ABOUT_RETURN_TYPE = YES_ERROR;
				GCC_WARN_UNDECLARED_SELECTOR = YES;
				GCC_WARN_UNINITIALIZED_AUTOS = YES_AGGRESSIVE;
				GCC_WARN_UNUSED_FUNCTION = YES;
				GCC_WARN_UNUSED_VARIABLE = YES;
				IPHONEOS_DEPLOYMENT_TARGET = 16.2;
				MTL_ENABLE_DEBUG_INFO = NO;
				MTL_FAST_MATH = YES;
				SDKROOT = iphoneos;
				SWIFT_COMPILATION_MODE = wholemodule;
				SWIFT_OPTIMIZATION_LEVEL = "-O";
				VALIDATE_PRODUCT = YES;
			};
			name = Release;
		};
		7EE701B22A6E4C2200DEEFA6 /* Debug */ = {
			isa = XCBuildConfiguration;
			buildSettings = {
				ASSETCATALOG_COMPILER_APPICON_NAME = AppIcon;
				ASSETCATALOG_COMPILER_GLOBAL_ACCENT_COLOR_NAME = AccentColor;
				CLANG_ENABLE_MODULES = YES;
				CODE_SIGN_ENTITLEMENTS = DreamEgg/DreamEgg.entitlements;
				CODE_SIGN_STYLE = Automatic;
				CURRENT_PROJECT_VERSION = 1;
				DEVELOPMENT_ASSET_PATHS = "\"DreamEgg/Preview Content\"";
				DEVELOPMENT_TEAM = 4GLAAK8M8P;
				ENABLE_PREVIEWS = YES;
				GENERATE_INFOPLIST_FILE = YES;
				INFOPLIST_FILE = DreamEgg/Info.plist;
				INFOPLIST_KEY_UIApplicationSceneManifest_Generation = YES;
				INFOPLIST_KEY_UIApplicationSupportsIndirectInputEvents = YES;
				INFOPLIST_KEY_UILaunchScreen_Generation = YES;
				INFOPLIST_KEY_UISupportedInterfaceOrientations_iPad = "UIInterfaceOrientationPortrait UIInterfaceOrientationPortraitUpsideDown UIInterfaceOrientationLandscapeLeft UIInterfaceOrientationLandscapeRight";
				INFOPLIST_KEY_UISupportedInterfaceOrientations_iPhone = "UIInterfaceOrientationPortrait UIInterfaceOrientationLandscapeLeft UIInterfaceOrientationLandscapeRight";
				LD_RUNPATH_SEARCH_PATHS = (
					"$(inherited)",
					"@executable_path/Frameworks",
				);
				MARKETING_VERSION = 1.0;
				PRODUCT_BUNDLE_IDENTIFIER = com.grace.DreamEgg;
				PRODUCT_NAME = "$(TARGET_NAME)";
				SWIFT_EMIT_LOC_STRINGS = YES;
				SWIFT_OPTIMIZATION_LEVEL = "-Onone";
				SWIFT_VERSION = 5.0;
				TARGETED_DEVICE_FAMILY = "1,2";
			};
			name = Debug;
		};
		7EE701B32A6E4C2200DEEFA6 /* Release */ = {
			isa = XCBuildConfiguration;
			buildSettings = {
				ASSETCATALOG_COMPILER_APPICON_NAME = AppIcon;
				ASSETCATALOG_COMPILER_GLOBAL_ACCENT_COLOR_NAME = AccentColor;
				CLANG_ENABLE_MODULES = YES;
				CODE_SIGN_ENTITLEMENTS = DreamEgg/DreamEgg.entitlements;
				CODE_SIGN_STYLE = Automatic;
				CURRENT_PROJECT_VERSION = 1;
				DEVELOPMENT_ASSET_PATHS = "\"DreamEgg/Preview Content\"";
				DEVELOPMENT_TEAM = 4GLAAK8M8P;
				ENABLE_PREVIEWS = YES;
				GENERATE_INFOPLIST_FILE = YES;
				INFOPLIST_FILE = DreamEgg/Info.plist;
				INFOPLIST_KEY_UIApplicationSceneManifest_Generation = YES;
				INFOPLIST_KEY_UIApplicationSupportsIndirectInputEvents = YES;
				INFOPLIST_KEY_UILaunchScreen_Generation = YES;
				INFOPLIST_KEY_UISupportedInterfaceOrientations_iPad = "UIInterfaceOrientationPortrait UIInterfaceOrientationPortraitUpsideDown UIInterfaceOrientationLandscapeLeft UIInterfaceOrientationLandscapeRight";
				INFOPLIST_KEY_UISupportedInterfaceOrientations_iPhone = "UIInterfaceOrientationPortrait UIInterfaceOrientationLandscapeLeft UIInterfaceOrientationLandscapeRight";
				LD_RUNPATH_SEARCH_PATHS = (
					"$(inherited)",
					"@executable_path/Frameworks",
				);
				MARKETING_VERSION = 1.0;
				PRODUCT_BUNDLE_IDENTIFIER = com.grace.DreamEgg;
				PRODUCT_NAME = "$(TARGET_NAME)";
				SWIFT_EMIT_LOC_STRINGS = YES;
				SWIFT_VERSION = 5.0;
				TARGETED_DEVICE_FAMILY = "1,2";
			};
			name = Release;
		};
/* End XCBuildConfiguration section */

/* Begin XCConfigurationList section */
		7EE701992A6E4C2100DEEFA6 /* Build configuration list for PBXProject "DreamEgg" */ = {
			isa = XCConfigurationList;
			buildConfigurations = (
				7EE701AF2A6E4C2200DEEFA6 /* Debug */,
				7EE701B02A6E4C2200DEEFA6 /* Release */,
			);
			defaultConfigurationIsVisible = 0;
			defaultConfigurationName = Release;
		};
		7EE701B12A6E4C2200DEEFA6 /* Build configuration list for PBXNativeTarget "DreamEgg" */ = {
			isa = XCConfigurationList;
			buildConfigurations = (
				7EE701B22A6E4C2200DEEFA6 /* Debug */,
				7EE701B32A6E4C2200DEEFA6 /* Release */,
			);
			defaultConfigurationIsVisible = 0;
			defaultConfigurationName = Release;
		};
/* End XCConfigurationList section */

/* Begin XCVersionGroup section */
		7E6A4FBC2A716E460085F236 /* DreamEgg.xcdatamodeld */ = {
			isa = XCVersionGroup;
			children = (
				7E6A4FBD2A716E460085F236 /* DreamEgg.xcdatamodel */,
			);
			currentVersion = 7E6A4FBD2A716E460085F236 /* DreamEgg.xcdatamodel */;
			path = DreamEgg.xcdatamodeld;
			sourceTree = "<group>";
			versionGroupType = wrapper.xcdatamodel;
		};
/* End XCVersionGroup section */
	};
	rootObject = 7EE701962A6E4C2100DEEFA6 /* Project object */;
}
